
Microsoft Visual Studio Solution File, Format Version 12.00
# Visual Studio Version 17
VisualStudioVersion = 17.2.32526.322
MinimumVisualStudioVersion = 10.0.40219.1
Project("{FAE04EC0-301F-11D3-BF4B-00C04F79EFBC}") = "pizza", "pizza\pizza.csproj", "{3258E07A-CF7B-46A6-88F6-33F2664F479E}"
EndProject
Global
	GlobalSection(SolutionConfigurationPlatforms) = preSolution
		Debug|Any CPU = Debug|Any CPU
		Release|Any CPU = Release|Any CPU
	EndGlobalSection
	GlobalSection(ProjectConfigurationPlatforms) = postSolution
		{3258E07A-CF7B-46A6-88F6-33F2664F479E}.Debug|Any CPU.ActiveCfg = Debug|Any CPU
		{3258E07A-CF7B-46A6-88F6-33F2664F479E}.Debug|Any CPU.Build.0 = Debug|Any CPU
		{3258E07A-CF7B-46A6-88F6-33F2664F479E}.Release|Any CPU.ActiveCfg = Release|Any CPU
		{3258E07A-CF7B-46A6-88F6-33F2664F479E}.Release|Any CPU.Build.0 = Release|Any CPU
	EndGlobalSection
	GlobalSection(SolutionProperties) = preSolution
		HideSolutionNode = FALSE
	EndGlobalSection
	GlobalSection(ExtensibilityGlobals) = postSolution
		SolutionGuid = {B417CBEB-B20A-4A35-BF5D-79D7F2D8183D}
	EndGlobalSection
EndGlobal
